
Microsoft Visual Studio Solution File, Format Version 12.00
# Visual Studio 2013
VisualStudioVersion = 12.0.31101.0
MinimumVisualStudioVersion = 10.0.40219.1
Project("{FAE04EC0-301F-11D3-BF4B-00C04F79EFBC}") = "Agilty.DataStorage", "Agilty.DataStorage\Agilty.DataStorage.csproj", "{1A12DD82-F665-400A-94AE-4037D0E608B1}"
EndProject
Project("{FAE04EC0-301F-11D3-BF4B-00C04F79EFBC}") = "Agilty.DataStorage.JSON", "Agilty.DataStorage.JSON\Agilty.DataStorage.JSON.csproj", "{60A584B1-8AAB-4028-9D38-9F4760741A98}"
EndProject
Project("{FAE04EC0-301F-11D3-BF4B-00C04F79EFBC}") = "Agilty.DataStorage.JSON.Tests", "Agilty.DataStorage.JSON.Tests\Agilty.DataStorage.JSON.Tests.csproj", "{4ECEB041-0C4E-4AB1-B48D-2F22F1D9A714}"
EndProject
Global
	GlobalSection(SolutionConfigurationPlatforms) = preSolution
		Debug|Any CPU = Debug|Any CPU
		Release|Any CPU = Release|Any CPU
	EndGlobalSection
	GlobalSection(ProjectConfigurationPlatforms) = postSolution
		{1A12DD82-F665-400A-94AE-4037D0E608B1}.Debug|Any CPU.ActiveCfg = Debug|Any CPU
		{1A12DD82-F665-400A-94AE-4037D0E608B1}.Debug|Any CPU.Build.0 = Debug|Any CPU
		{1A12DD82-F665-400A-94AE-4037D0E608B1}.Release|Any CPU.ActiveCfg = Release|Any CPU
		{1A12DD82-F665-400A-94AE-4037D0E608B1}.Release|Any CPU.Build.0 = Release|Any CPU
		{60A584B1-8AAB-4028-9D38-9F4760741A98}.Debug|Any CPU.ActiveCfg = Debug|Any CPU
		{60A584B1-8AAB-4028-9D38-9F4760741A98}.Debug|Any CPU.Build.0 = Debug|Any CPU
		{60A584B1-8AAB-4028-9D38-9F4760741A98}.Release|Any CPU.ActiveCfg = Release|Any CPU
		{60A584B1-8AAB-4028-9D38-9F4760741A98}.Release|Any CPU.Build.0 = Release|Any CPU
		{4ECEB041-0C4E-4AB1-B48D-2F22F1D9A714}.Debug|Any CPU.ActiveCfg = Debug|Any CPU
		{4ECEB041-0C4E-4AB1-B48D-2F22F1D9A714}.Debug|Any CPU.Build.0 = Debug|Any CPU
		{4ECEB041-0C4E-4AB1-B48D-2F22F1D9A714}.Release|Any CPU.ActiveCfg = Release|Any CPU
		{4ECEB041-0C4E-4AB1-B48D-2F22F1D9A714}.Release|Any CPU.Build.0 = Release|Any CPU
	EndGlobalSection
	GlobalSection(SolutionProperties) = preSolution
		HideSolutionNode = FALSE
	EndGlobalSection
EndGlobal
